// !$*UTF8*$!
{
	archiveVersion = 1;
	classes = {
	};
	objectVersion = 46;
	objects = {

/* Begin PBXBuildFile section */
		E00D28BD20A7521B0060CD2D /* main.m in Sources */ = {isa = PBXBuildFile; fileRef = E00D28BC20A7521B0060CD2D /* main.m */; };
		E00D28C020A7521B0060CD2D /* AppDelegate.m in Sources */ = {isa = PBXBuildFile; fileRef = E00D28BF20A7521B0060CD2D /* AppDelegate.m */; };
		E00D28C620A7521B0060CD2D /* Main.storyboard in Resources */ = {isa = PBXBuildFile; fileRef = E00D28C420A7521B0060CD2D /* Main.storyboard */; };
		E00D28C820A7521C0060CD2D /* Assets.xcassets in Resources */ = {isa = PBXBuildFile; fileRef = E00D28C720A7521C0060CD2D /* Assets.xcassets */; };
		E00D28CB20A7521C0060CD2D /* LaunchScreen.storyboard in Resources */ = {isa = PBXBuildFile; fileRef = E00D28C920A7521C0060CD2D /* LaunchScreen.storyboard */; };
		E0178C7620ACA3040002E0D3 /* AVFoundation.framework in Frameworks */ = {isa = PBXBuildFile; fileRef = E0178C7520ACA3040002E0D3 /* AVFoundation.framework */; };
		E036D75F20F50F2E001E78EB /* EDVNetworkService.m in Sources */ = {isa = PBXBuildFile; fileRef = E036D75E20F50F2E001E78EB /* EDVNetworkService.m */; };
		E036D76220F51A03001E78EB /* EDVViewController.m in Sources */ = {isa = PBXBuildFile; fileRef = E036D76120F51A03001E78EB /* EDVViewController.m */; };
		E048FDB720A84A27000505BD /* EDVSong.m in Sources */ = {isa = PBXBuildFile; fileRef = E048FDB620A84A27000505BD /* EDVSong.m */; };
		E048FDBA20A84F4E000505BD /* EDVTableViewCell.m in Sources */ = {isa = PBXBuildFile; fileRef = E048FDB920A84F4E000505BD /* EDVTableViewCell.m */; };
		E048FDBD20A873F2000505BD /* EDVSongsListTableViewController.m in Sources */ = {isa = PBXBuildFile; fileRef = E048FDBC20A873F2000505BD /* EDVSongsListTableViewController.m */; };
		E048FDE920AB0B32000505BD /* EDVSongsDetailViewController.m in Sources */ = {isa = PBXBuildFile; fileRef = E048FDE820AB0B32000505BD /* EDVSongsDetailViewController.m */; };
/* End PBXBuildFile section */

/* Begin PBXFileReference section */
		E00D28B820A7521B0060CD2D /* iTunesTest.app */ = {isa = PBXFileReference; explicitFileType = wrapper.application; includeInIndex = 0; path = iTunesTest.app; sourceTree = BUILT_PRODUCTS_DIR; };
		E00D28BC20A7521B0060CD2D /* main.m */ = {isa = PBXFileReference; lastKnownFileType = sourcecode.c.objc; path = main.m; sourceTree = "<group>"; };
		E00D28BE20A7521B0060CD2D /* AppDelegate.h */ = {isa = PBXFileReference; lastKnownFileType = sourcecode.c.h; path = AppDelegate.h; sourceTree = "<group>"; };
		E00D28BF20A7521B0060CD2D /* AppDelegate.m */ = {isa = PBXFileReference; lastKnownFileType = sourcecode.c.objc; path = AppDelegate.m; sourceTree = "<group>"; };
		E00D28C520A7521B0060CD2D /* Base */ = {isa = PBXFileReference; lastKnownFileType = file.storyboard; name = Base; path = Base.lproj/Main.storyboard; sourceTree = "<group>"; };
		E00D28C720A7521C0060CD2D /* Assets.xcassets */ = {isa = PBXFileReference; lastKnownFileType = folder.assetcatalog; path = Assets.xcassets; sourceTree = "<group>"; };
		E00D28CA20A7521C0060CD2D /* Base */ = {isa = PBXFileReference; lastKnownFileType = file.storyboard; name = Base; path = Base.lproj/LaunchScreen.storyboard; sourceTree = "<group>"; };
		E00D28CC20A7521C0060CD2D /* Info.plist */ = {isa = PBXFileReference; lastKnownFileType = text.plist.xml; path = Info.plist; sourceTree = "<group>"; };
		E0178C7520ACA3040002E0D3 /* AVFoundation.framework */ = {isa = PBXFileReference; lastKnownFileType = wrapper.framework; name = AVFoundation.framework; path = System/Library/Frameworks/AVFoundation.framework; sourceTree = SDKROOT; };
		E036D75D20F50F2E001E78EB /* EDVNetworkService.h */ = {isa = PBXFileReference; fileEncoding = 4; lastKnownFileType = sourcecode.c.h; path = EDVNetworkService.h; sourceTree = "<group>"; };
		E036D75E20F50F2E001E78EB /* EDVNetworkService.m */ = {isa = PBXFileReference; fileEncoding = 4; lastKnownFileType = sourcecode.c.objc; path = EDVNetworkService.m; sourceTree = "<group>"; };
		E036D76020F51A03001E78EB /* EDVViewController.h */ = {isa = PBXFileReference; fileEncoding = 4; lastKnownFileType = sourcecode.c.h; path = EDVViewController.h; sourceTree = "<group>"; };
		E036D76120F51A03001E78EB /* EDVViewController.m */ = {isa = PBXFileReference; fileEncoding = 4; lastKnownFileType = sourcecode.c.objc; path = EDVViewController.m; sourceTree = "<group>"; };
		E048FDB520A84A27000505BD /* EDVSong.h */ = {isa = PBXFileReference; fileEncoding = 4; lastKnownFileType = sourcecode.c.h; path = EDVSong.h; sourceTree = "<group>"; };
		E048FDB620A84A27000505BD /* EDVSong.m */ = {isa = PBXFileReference; fileEncoding = 4; lastKnownFileType = sourcecode.c.objc; path = EDVSong.m; sourceTree = "<group>"; };
		E048FDB820A84F4E000505BD /* EDVTableViewCell.h */ = {isa = PBXFileReference; fileEncoding = 4; lastKnownFileType = sourcecode.c.h; path = EDVTableViewCell.h; sourceTree = "<group>"; };
		E048FDB920A84F4E000505BD /* EDVTableViewCell.m */ = {isa = PBXFileReference; fileEncoding = 4; lastKnownFileType = sourcecode.c.objc; path = EDVTableViewCell.m; sourceTree = "<group>"; };
		E048FDBB20A873F2000505BD /* EDVSongsListTableViewController.h */ = {isa = PBXFileReference; fileEncoding = 4; lastKnownFileType = sourcecode.c.h; path = EDVSongsListTableViewController.h; sourceTree = "<group>"; };
		E048FDBC20A873F2000505BD /* EDVSongsListTableViewController.m */ = {isa = PBXFileReference; fileEncoding = 4; lastKnownFileType = sourcecode.c.objc; path = EDVSongsListTableViewController.m; sourceTree = "<group>"; };
		E048FDE720AB0B32000505BD /* EDVSongsDetailViewController.h */ = {isa = PBXFileReference; fileEncoding = 4; lastKnownFileType = sourcecode.c.h; path = EDVSongsDetailViewController.h; sourceTree = "<group>"; };
		E048FDE820AB0B32000505BD /* EDVSongsDetailViewController.m */ = {isa = PBXFileReference; fileEncoding = 4; lastKnownFileType = sourcecode.c.objc; path = EDVSongsDetailViewController.m; sourceTree = "<group>"; };
/* End PBXFileReference section */

/* Begin PBXFrameworksBuildPhase section */
		E00D28B520A7521A0060CD2D /* Frameworks */ = {
			isa = PBXFrameworksBuildPhase;
			buildActionMask = 2147483647;
			files = (
				E0178C7620ACA3040002E0D3 /* AVFoundation.framework in Frameworks */,
			);
			runOnlyForDeploymentPostprocessing = 0;
		};
/* End PBXFrameworksBuildPhase section */

/* Begin PBXGroup section */
		E00CE49220AF39C700888DAA /* Songs Table */ = {
			isa = PBXGroup;
			children = (
				E048FDBB20A873F2000505BD /* EDVSongsListTableViewController.h */,
				E048FDBC20A873F2000505BD /* EDVSongsListTableViewController.m */,
				E048FDB820A84F4E000505BD /* EDVTableViewCell.h */,
				E048FDB920A84F4E000505BD /* EDVTableViewCell.m */,
			);
			name = "Songs Table";
			sourceTree = "<group>";
		};
		E00CE49320AF39F400888DAA /* Songs Detail */ = {
			isa = PBXGroup;
			children = (
				E048FDE720AB0B32000505BD /* EDVSongsDetailViewController.h */,
				E048FDE820AB0B32000505BD /* EDVSongsDetailViewController.m */,
			);
			name = "Songs Detail";
			sourceTree = "<group>";
		};
		E00CE49420AF3A5C00888DAA /* Model */ = {
			isa = PBXGroup;
			children = (
				E048FDB520A84A27000505BD /* EDVSong.h */,
				E048FDB620A84A27000505BD /* EDVSong.m */,
			);
			name = Model;
			sourceTree = "<group>";
		};
		E00CE49520AF3AF300888DAA /* Services */ = {
			isa = PBXGroup;
			children = (
				E036D75D20F50F2E001E78EB /* EDVNetworkService.h */,
				E036D75E20F50F2E001E78EB /* EDVNetworkService.m */,
			);
			name = Services;
			sourceTree = "<group>";
		};
		E00CE49620AF3B0200888DAA /* App */ = {
			isa = PBXGroup;
			children = (
				E00D28BE20A7521B0060CD2D /* AppDelegate.h */,
				E00D28BF20A7521B0060CD2D /* AppDelegate.m */,
				E036D76020F51A03001E78EB /* EDVViewController.h */,
				E036D76120F51A03001E78EB /* EDVViewController.m */,
			);
			name = App;
			sourceTree = "<group>";
		};
		E00CE49720AF3B2400888DAA /* View */ = {
			isa = PBXGroup;
			children = (
				E00D28C420A7521B0060CD2D /* Main.storyboard */,
				E00D28C920A7521C0060CD2D /* LaunchScreen.storyboard */,
			);
			name = View;
			sourceTree = "<group>";
		};
		E00D28AF20A7521A0060CD2D = {
			isa = PBXGroup;
			children = (
				E00D28BA20A7521B0060CD2D /* iTunesTest */,
				E00D28B920A7521B0060CD2D /* Products */,
				E0178C7420ACA3030002E0D3 /* Frameworks */,
			);
			sourceTree = "<group>";
		};
		E00D28B920A7521B0060CD2D /* Products */ = {
			isa = PBXGroup;
			children = (
				E00D28B820A7521B0060CD2D /* iTunesTest.app */,
			);
			name = Products;
			sourceTree = "<group>";
		};
		E00D28BA20A7521B0060CD2D /* iTunesTest */ = {
			isa = PBXGroup;
			children = (
				E00CE49620AF3B0200888DAA /* App */,
				E00CE49520AF3AF300888DAA /* Services */,
				E00CE49420AF3A5C00888DAA /* Model */,
				E00CE49220AF39C700888DAA /* Songs Table */,
				E00CE49320AF39F400888DAA /* Songs Detail */,
				E00CE49720AF3B2400888DAA /* View */,
				E00D28C720A7521C0060CD2D /* Assets.xcassets */,
				E00D28CC20A7521C0060CD2D /* Info.plist */,
				E00D28BB20A7521B0060CD2D /* Supporting Files */,
			);
			path = iTunesTest;
			sourceTree = "<group>";
		};
		E00D28BB20A7521B0060CD2D /* Supporting Files */ = {
			isa = PBXGroup;
			children = (
				E00D28BC20A7521B0060CD2D /* main.m */,
			);
			name = "Supporting Files";
			sourceTree = "<group>";
		};
		E0178C7420ACA3030002E0D3 /* Frameworks */ = {
			isa = PBXGroup;
			children = (
				E0178C7520ACA3040002E0D3 /* AVFoundation.framework */,
			);
			name = Frameworks;
			sourceTree = "<group>";
		};
/* End PBXGroup section */

/* Begin PBXNativeTarget section */
		E00D28B720A7521A0060CD2D /* iTunesTest */ = {
			isa = PBXNativeTarget;
			buildConfigurationList = E00D28CF20A7521C0060CD2D /* Build configuration list for PBXNativeTarget "iTunesTest" */;
			buildPhases = (
				E00D28B420A7521A0060CD2D /* Sources */,
				E00D28B520A7521A0060CD2D /* Frameworks */,
				E00D28B620A7521A0060CD2D /* Resources */,
			);
			buildRules = (
			);
			dependencies = (
			);
			name = iTunesTest;
			productName = iTunesTest;
			productReference = E00D28B820A7521B0060CD2D /* iTunesTest.app */;
			productType = "com.apple.product-type.application";
		};
/* End PBXNativeTarget section */

/* Begin PBXProject section */
		E00D28B020A7521A0060CD2D /* Project object */ = {
			isa = PBXProject;
			attributes = {
				LastUpgradeCheck = 0820;
				ORGANIZATIONNAME = "Dmitry Edrenov";
				TargetAttributes = {
					E00D28B720A7521A0060CD2D = {
						CreatedOnToolsVersion = 8.2.1;
						ProvisioningStyle = Automatic;
					};
				};
			};
			buildConfigurationList = E00D28B320A7521A0060CD2D /* Build configuration list for PBXProject "iTunesTest" */;
			compatibilityVersion = "Xcode 3.2";
			developmentRegion = English;
			hasScannedForEncodings = 0;
			knownRegions = (
				en,
				Base,
			);
			mainGroup = E00D28AF20A7521A0060CD2D;
			productRefGroup = E00D28B920A7521B0060CD2D /* Products */;
			projectDirPath = "";
			projectRoot = "";
			targets = (
				E00D28B720A7521A0060CD2D /* iTunesTest */,
			);
		};
/* End PBXProject section */

/* Begin PBXResourcesBuildPhase section */
		E00D28B620A7521A0060CD2D /* Resources */ = {
			isa = PBXResourcesBuildPhase;
			buildActionMask = 2147483647;
			files = (
				E00D28CB20A7521C0060CD2D /* LaunchScreen.storyboard in Resources */,
				E00D28C820A7521C0060CD2D /* Assets.xcassets in Resources */,
				E00D28C620A7521B0060CD2D /* Main.storyboard in Resources */,
			);
			runOnlyForDeploymentPostprocessing = 0;
		};
/* End PBXResourcesBuildPhase section */

/* Begin PBXSourcesBuildPhase section */
		E00D28B420A7521A0060CD2D /* Sources */ = {
			isa = PBXSourcesBuildPhase;
			buildActionMask = 2147483647;
			files = (
				E036D75F20F50F2E001E78EB /* EDVNetworkService.m in Sources */,
				E048FDBD20A873F2000505BD /* EDVSongsListTableViewController.m in Sources */,
				E048FDE920AB0B32000505BD /* EDVSongsDetailViewController.m in Sources */,
				E048FDB720A84A27000505BD /* EDVSong.m in Sources */,
				E036D76220F51A03001E78EB /* EDVViewController.m in Sources */,
				E00D28C020A7521B0060CD2D /* AppDelegate.m in Sources */,
				E048FDBA20A84F4E000505BD /* EDVTableViewCell.m in Sources */,
				E00D28BD20A7521B0060CD2D /* main.m in Sources */,
			);
			runOnlyForDeploymentPostprocessing = 0;
		};
/* End PBXSourcesBuildPhase section */

/* Begin PBXVariantGroup section */
		E00D28C420A7521B0060CD2D /* Main.storyboard */ = {
			isa = PBXVariantGroup;
			children = (
				E00D28C520A7521B0060CD2D /* Base */,
			);
			name = Main.storyboard;
			sourceTree = "<group>";
		};
		E00D28C920A7521C0060CD2D /* LaunchScreen.storyboard */ = {
			isa = PBXVariantGroup;
			children = (
				E00D28CA20A7521C0060CD2D /* Base */,
			);
			name = LaunchScreen.storyboard;
			sourceTree = "<group>";
		};
/* End PBXVariantGroup section */

/* Begin XCBuildConfiguration section */
		E00D28CD20A7521C0060CD2D /* Debug */ = {
			isa = XCBuildConfiguration;
			buildSettings = {
				ALWAYS_SEARCH_USER_PATHS = NO;
				CLANG_ANALYZER_NONNULL = YES;
				CLANG_CXX_LANGUAGE_STANDARD = "gnu++0x";
				CLANG_CXX_LIBRARY = "libc++";
				CLANG_ENABLE_MODULES = YES;
				CLANG_ENABLE_OBJC_ARC = YES;
				CLANG_WARN_BOOL_CONVERSION = YES;
				CLANG_WARN_CONSTANT_CONVERSION = YES;
				CLANG_WARN_DIRECT_OBJC_ISA_USAGE = YES_ERROR;
				CLANG_WARN_DOCUMENTATION_COMMENTS = YES;
				CLANG_WARN_EMPTY_BODY = YES;
				CLANG_WARN_ENUM_CONVERSION = YES;
				CLANG_WARN_INFINITE_RECURSION = YES;
				CLANG_WARN_INT_CONVERSION = YES;
				CLANG_WARN_OBJC_ROOT_CLASS = YES_ERROR;
				CLANG_WARN_SUSPICIOUS_MOVE = YES;
				CLANG_WARN_UNREACHABLE_CODE = YES;
				CLANG_WARN__DUPLICATE_METHOD_MATCH = YES;
				"CODE_SIGN_IDENTITY[sdk=iphoneos*]" = "iPhone Developer";
				COPY_PHASE_STRIP = NO;
				DEBUG_INFORMATION_FORMAT = dwarf;
				ENABLE_STRICT_OBJC_MSGSEND = YES;
				ENABLE_TESTABILITY = YES;
				GCC_C_LANGUAGE_STANDARD = gnu99;
				GCC_DYNAMIC_NO_PIC = NO;
				GCC_NO_COMMON_BLOCKS = YES;
				GCC_OPTIMIZATION_LEVEL = 0;
				GCC_PREPROCESSOR_DEFINITIONS = (
					"DEBUG=1",
					"$(inherited)",
				);
				GCC_WARN_64_TO_32_BIT_CONVERSION = YES;
				GCC_WARN_ABOUT_RETURN_TYPE = YES_ERROR;
				GCC_WARN_UNDECLARED_SELECTOR = YES;
				GCC_WARN_UNINITIALIZED_AUTOS = YES_AGGRESSIVE;
				GCC_WARN_UNUSED_FUNCTION = YES;
				GCC_WARN_UNUSED_VARIABLE = YES;
				IPHONEOS_DEPLOYMENT_TARGET = 10.2;
				MTL_ENABLE_DEBUG_INFO = YES;
				ONLY_ACTIVE_ARCH = YES;
				SDKROOT = iphoneos;
			};
			name = Debug;
		};
		E00D28CE20A7521C0060CD2D /* Release */ = {
			isa = XCBuildConfiguration;
			buildSettings = {
				ALWAYS_SEARCH_USER_PATHS = NO;
				CLANG_ANALYZER_NONNULL = YES;
				CLANG_CXX_LANGUAGE_STANDARD = "gnu++0x";
				CLANG_CXX_LIBRARY = "libc++";
				CLANG_ENABLE_MODULES = YES;
				CLANG_ENABLE_OBJC_ARC = YES;
				CLANG_WARN_BOOL_CONVERSION = YES;
				CLANG_WARN_CONSTANT_CONVERSION = YES;
				CLANG_WARN_DIRECT_OBJC_ISA_USAGE = YES_ERROR;
				CLANG_WARN_DOCUMENTATION_COMMENTS = YES;
				CLANG_WARN_EMPTY_BODY = YES;
				CLANG_WARN_ENUM_CONVERSION = YES;
				CLANG_WARN_INFINITE_RECURSION = YES;
				CLANG_WARN_INT_CONVERSION = YES;
				CLANG_WARN_OBJC_ROOT_CLASS = YES_ERROR;
				CLANG_WARN_SUSPICIOUS_MOVE = YES;
				CLANG_WARN_UNREACHABLE_CODE = YES;
				CLANG_WARN__DUPLICATE_METHOD_MATCH = YES;
				"CODE_SIGN_IDENTITY[sdk=iphoneos*]" = "iPhone Developer";
				COPY_PHASE_STRIP = NO;
				DEBUG_INFORMATION_FORMAT = "dwarf-with-dsym";
				ENABLE_NS_ASSERTIONS = NO;
				ENABLE_STRICT_OBJC_MSGSEND = YES;
				GCC_C_LANGUAGE_STANDARD = gnu99;
				GCC_NO_COMMON_BLOCKS = YES;
				GCC_WARN_64_TO_32_BIT_CONVERSION = YES;
				GCC_WARN_ABOUT_RETURN_TYPE = YES_ERROR;
				GCC_WARN_UNDECLARED_SELECTOR = YES;
				GCC_WARN_UNINITIALIZED_AUTOS = YES_AGGRESSIVE;
				GCC_WARN_UNUSED_FUNCTION = YES;
				GCC_WARN_UNUSED_VARIABLE = YES;
				IPHONEOS_DEPLOYMENT_TARGET = 10.2;
				MTL_ENABLE_DEBUG_INFO = NO;
				SDKROOT = iphoneos;
				VALIDATE_PRODUCT = YES;
			};
			name = Release;
		};
		E00D28D020A7521C0060CD2D /* Debug */ = {
			isa = XCBuildConfiguration;
			buildSettings = {
				ASSETCATALOG_COMPILER_APPICON_NAME = AppIcon;
				INFOPLIST_FILE = iTunesTest/Info.plist;
				LD_RUNPATH_SEARCH_PATHS = "$(inherited) @executable_path/Frameworks";
				PRODUCT_BUNDLE_IDENTIFIER = Dmitry.iTunesTest;
				PRODUCT_NAME = "$(TARGET_NAME)";
			};
			name = Debug;
		};
		E00D28D120A7521C0060CD2D /* Release */ = {
			isa = XCBuildConfiguration;
			buildSettings = {
				ASSETCATALOG_COMPILER_APPICON_NAME = AppIcon;
				INFOPLIST_FILE = iTunesTest/Info.plist;
				LD_RUNPATH_SEARCH_PATHS = "$(inherited) @executable_path/Frameworks";
				PRODUCT_BUNDLE_IDENTIFIER = Dmitry.iTunesTest;
				PRODUCT_NAME = "$(TARGET_NAME)";
			};
			name = Release;
		};
/* End XCBuildConfiguration section */

/* Begin XCConfigurationList section */
		E00D28B320A7521A0060CD2D /* Build configuration list for PBXProject "iTunesTest" */ = {
			isa = XCConfigurationList;
			buildConfigurations = (
				E00D28CD20A7521C0060CD2D /* Debug */,
				E00D28CE20A7521C0060CD2D /* Release */,
			);
			defaultConfigurationIsVisible = 0;
			defaultConfigurationName = Release;
		};
		E00D28CF20A7521C0060CD2D /* Build configuration list for PBXNativeTarget "iTunesTest" */ = {
			isa = XCConfigurationList;
			buildConfigurations = (
				E00D28D020A7521C0060CD2D /* Debug */,
				E00D28D120A7521C0060CD2D /* Release */,
			);
			defaultConfigurationIsVisible = 0;
			defaultConfigurationName = Release;
		};
/* End XCConfigurationList section */
	};
	rootObject = E00D28B020A7521A0060CD2D /* Project object */;
}
